
Microsoft Visual Studio Solution File, Format Version 12.00
# Visual Studio 2015
Project("{FAE04EC0-301F-11D3-BF4B-00C04F79EFBC}") = "JogoDoCalculo", "JogoDoCalculo.csproj", "{B5DA4EA3-D5ED-4654-0BD5-AF96C5AE1E1E}"
EndProject
Global
	GlobalSection(SolutionConfigurationPlatforms) = preSolution
		Debug|Any CPU = Debug|Any CPU
		Release|Any CPU = Release|Any CPU
	EndGlobalSection
	GlobalSection(ProjectConfigurationPlatforms) = postSolution
		{B5DA4EA3-D5ED-4654-0BD5-AF96C5AE1E1E}.Debug|Any CPU.ActiveCfg = Debug|Any CPU
		{B5DA4EA3-D5ED-4654-0BD5-AF96C5AE1E1E}.Debug|Any CPU.Build.0 = Debug|Any CPU
		{B5DA4EA3-D5ED-4654-0BD5-AF96C5AE1E1E}.Release|Any CPU.ActiveCfg = Release|Any CPU
		{B5DA4EA3-D5ED-4654-0BD5-AF96C5AE1E1E}.Release|Any CPU.Build.0 = Release|Any CPU
	EndGlobalSection
	GlobalSection(SolutionProperties) = preSolution
		HideSolutionNode = FALSE
	EndGlobalSection
EndGlobal
